
Microsoft Visual Studio Solution File, Format Version 12.00
# Visual Studio 14
VisualStudioVersion = 14.0.25420.1
MinimumVisualStudioVersion = 10.0.40219.1
Project("{FAE04EC0-301F-11D3-BF4B-00C04F79EFBC}") = "SimaticHeartBeatWebAPI", "SimaticHeartBeat\SimaticHeartBeatWebAPI.csproj", "{135817F4-8D8B-4370-9113-028FD1B44B05}"
EndProject
Project("{FAE04EC0-301F-11D3-BF4B-00C04F79EFBC}") = "SimaticHeartBeatWebAPI.Tests", "SimaticHeartBeat.Tests\SimaticHeartBeatWebAPI.Tests.csproj", "{F8EADCB4-9DE4-4FCD-AF1B-44B712E6EBC1}"
EndProject
Global
	GlobalSection(SolutionConfigurationPlatforms) = preSolution
		Debug|Any CPU = Debug|Any CPU
		Release|Any CPU = Release|Any CPU
	EndGlobalSection
	GlobalSection(ProjectConfigurationPlatforms) = postSolution
		{135817F4-8D8B-4370-9113-028FD1B44B05}.Debug|Any CPU.ActiveCfg = Debug|Any CPU
		{135817F4-8D8B-4370-9113-028FD1B44B05}.Debug|Any CPU.Build.0 = Debug|Any CPU
		{135817F4-8D8B-4370-9113-028FD1B44B05}.Release|Any CPU.ActiveCfg = Release|Any CPU
		{135817F4-8D8B-4370-9113-028FD1B44B05}.Release|Any CPU.Build.0 = Release|Any CPU
		{F8EADCB4-9DE4-4FCD-AF1B-44B712E6EBC1}.Debug|Any CPU.ActiveCfg = Debug|Any CPU
		{F8EADCB4-9DE4-4FCD-AF1B-44B712E6EBC1}.Debug|Any CPU.Build.0 = Debug|Any CPU
		{F8EADCB4-9DE4-4FCD-AF1B-44B712E6EBC1}.Release|Any CPU.ActiveCfg = Release|Any CPU
		{F8EADCB4-9DE4-4FCD-AF1B-44B712E6EBC1}.Release|Any CPU.Build.0 = Release|Any CPU
	EndGlobalSection
	GlobalSection(SolutionProperties) = preSolution
		HideSolutionNode = FALSE
	EndGlobalSection
	GlobalSection(ExtensibilityGlobals) = postSolution
		SolutionGuid = {B825AF5D-C3B5-4284-A49D-E94171F1441B}
	EndGlobalSection
EndGlobal
